
Microsoft Visual Studio Solution File, Format Version 12.00
# Visual Studio 15
VisualStudioVersion = 15.0.27703.2035
MinimumVisualStudioVersion = 10.0.40219.1
Project("{FAE04EC0-301F-11D3-BF4B-00C04F79EFBC}") = "Lykke.Logs.Serilog", "src\Lykke.Logs.Serilog\Lykke.Logs.Serilog.csproj", "{ECDD1117-58DC-428F-AAFC-986D8CC85114}"
EndProject
Project("{FAE04EC0-301F-11D3-BF4B-00C04F79EFBC}") = "Lykke.Logs.Serilog.TestClient", "src\Lykke.Logs.Serilog.TestClient\Lykke.Logs.Serilog.TestClient.csproj", "{E6480942-B123-4A0D-B675-DCDB02F3BB92}"
EndProject
Global
	GlobalSection(SolutionConfigurationPlatforms) = preSolution
		Debug|Any CPU = Debug|Any CPU
		Release|Any CPU = Release|Any CPU
	EndGlobalSection
	GlobalSection(ProjectConfigurationPlatforms) = postSolution
		{ECDD1117-58DC-428F-AAFC-986D8CC85114}.Debug|Any CPU.ActiveCfg = Debug|Any CPU
		{ECDD1117-58DC-428F-AAFC-986D8CC85114}.Debug|Any CPU.Build.0 = Debug|Any CPU
		{ECDD1117-58DC-428F-AAFC-986D8CC85114}.Release|Any CPU.ActiveCfg = Release|Any CPU
		{ECDD1117-58DC-428F-AAFC-986D8CC85114}.Release|Any CPU.Build.0 = Release|Any CPU
		{E6480942-B123-4A0D-B675-DCDB02F3BB92}.Debug|Any CPU.ActiveCfg = Debug|Any CPU
		{E6480942-B123-4A0D-B675-DCDB02F3BB92}.Debug|Any CPU.Build.0 = Debug|Any CPU
		{E6480942-B123-4A0D-B675-DCDB02F3BB92}.Release|Any CPU.ActiveCfg = Release|Any CPU
		{E6480942-B123-4A0D-B675-DCDB02F3BB92}.Release|Any CPU.Build.0 = Release|Any CPU
	EndGlobalSection
	GlobalSection(SolutionProperties) = preSolution
		HideSolutionNode = FALSE
	EndGlobalSection
	GlobalSection(ExtensibilityGlobals) = postSolution
		SolutionGuid = {AFCC6B10-57FC-412E-96DB-26E340EE9AD1}
	EndGlobalSection
EndGlobal
